
Microsoft Visual Studio Solution File, Format Version 12.00
Project("{FAE04EC0-301F-11D3-BF4B-00C04F79EFBC}") = "ShakeRepro3", "ShakeRepro3\ShakeRepro3.csproj", "{FF271BBE-1411-4C83-90B0-91C3AD3C7A6F}"
EndProject
Global
	GlobalSection(SolutionConfigurationPlatforms) = preSolution
		Debug|Any CPU = Debug|Any CPU
		Release|Any CPU = Release|Any CPU
	EndGlobalSection
	GlobalSection(ProjectConfigurationPlatforms) = postSolution
		{FF271BBE-1411-4C83-90B0-91C3AD3C7A6F}.Debug|Any CPU.ActiveCfg = Debug|Any CPU
		{FF271BBE-1411-4C83-90B0-91C3AD3C7A6F}.Debug|Any CPU.Build.0 = Debug|Any CPU
		{FF271BBE-1411-4C83-90B0-91C3AD3C7A6F}.Release|Any CPU.ActiveCfg = Release|Any CPU
		{FF271BBE-1411-4C83-90B0-91C3AD3C7A6F}.Release|Any CPU.Build.0 = Release|Any CPU
	EndGlobalSection
EndGlobal
